
Microsoft Visual Studio Solution File, Format Version 12.00
# Visual Studio Version 17
VisualStudioVersion = 17.5.002.0
MinimumVisualStudioVersion = 10.0.40219.1
Project("{2150E333-8FDC-42A3-9474-1A3956D46DE8}") = "sandbox", "sandbox", "{9F837F25-1E31-4515-8D8F-00EEC54C6579}"
EndProject
Project("{9A19103F-16F7-4668-BE54-9A1E7A4F7556}") = "sandbox_project", "sandbox\sandbox_project\sandbox_project.csproj", "{15E628EE-88C5-4B00-A8E1-5714272E638E}"
EndProject
Project("{2150E333-8FDC-42A3-9474-1A3956D46DE8}") = "week01", "week01", "{37E6C934-469E-43EB-B67C-201B14FDB630}"
EndProject
Project("{9A19103F-16F7-4668-BE54-9A1E7A4F7556}") = "analyze", "week01\analyze\analyze.csproj", "{611E11D8-E255-42C5-B0DD-4BD0A02B4915}"
EndProject
Project("{9A19103F-16F7-4668-BE54-9A1E7A4F7556}") = "code", "week01\code\code.csproj", "{918F08DA-A019-4632-864C-7F6C380DD081}"
EndProject
Project("{9A19103F-16F7-4668-BE54-9A1E7A4F7556}") = "teach", "week01\teach\teach.csproj", "{24D3A2E7-43E2-425A-8D66-4DE276C627FD}"
EndProject
Project("{2150E333-8FDC-42A3-9474-1A3956D46DE8}") = "week02", "week02", "{ADFE81B4-4D00-480F-92C8-33603FEB0210}"
EndProject
Project("{9A19103F-16F7-4668-BE54-9A1E7A4F7556}") = "analyze", "week02\analyze\analyze.csproj", "{90CC9B17-7922-4284-A602-DC17002D2004}"
EndProject
Project("{9A19103F-16F7-4668-BE54-9A1E7A4F7556}") = "code", "week02\code\code.csproj", "{F4B33B89-4993-4127-8EBE-B92354126783}"
EndProject
Project("{9A19103F-16F7-4668-BE54-9A1E7A4F7556}") = "learn", "week02\learn\learn.csproj", "{2CA64C99-4C75-49D6-8CF1-69F87E3897F4}"
EndProject
Project("{9A19103F-16F7-4668-BE54-9A1E7A4F7556}") = "teach", "week02\teach\teach.csproj", "{46B5A844-CA0F-4897-8925-C44EC95987AB}"
EndProject
Project("{2150E333-8FDC-42A3-9474-1A3956D46DE8}") = "week03", "week03", "{37ECA533-90F1-47D7-BA29-107D917C4EDB}"
EndProject
Project("{9A19103F-16F7-4668-BE54-9A1E7A4F7556}") = "code", "week03\code\code.csproj", "{408E8BCC-AC13-4F2A-BF2A-EB907B7DE80F}"
EndProject
Project("{9A19103F-16F7-4668-BE54-9A1E7A4F7556}") = "learn", "week03\learn\learn.csproj", "{835F14C8-5580-4049-B1EE-776D8ABEA9C2}"
EndProject
Project("{9A19103F-16F7-4668-BE54-9A1E7A4F7556}") = "teach", "week03\teach\teach.csproj", "{7F38EBDE-A328-4F58-AEEA-D0EF07957B5C}"
EndProject
Project("{2150E333-8FDC-42A3-9474-1A3956D46DE8}") = "week04", "week04", "{B668FE4C-521A-4139-A549-B9C4543CECB0}"
EndProject
Project("{9A19103F-16F7-4668-BE54-9A1E7A4F7556}") = "code", "week04\code\code.csproj", "{E5B58D80-9902-4861-87E9-4654D02B45FE}"
EndProject
Project("{2150E333-8FDC-42A3-9474-1A3956D46DE8}") = "week05", "week05", "{B4B2E473-D844-4E0E-BD03-0BDB9072D0ED}"
EndProject
Project("{9A19103F-16F7-4668-BE54-9A1E7A4F7556}") = "code", "week05\code\code.csproj", "{DF26DC03-5348-4AC8-9824-C22B9AB4A269}"
EndProject
Project("{2150E333-8FDC-42A3-9474-1A3956D46DE8}") = "week06", "week06", "{B58947D3-3BB1-484A-934A-887A62A6F394}"
EndProject
Project("{9A19103F-16F7-4668-BE54-9A1E7A4F7556}") = "code", "week06\code\code.csproj", "{DA9B0682-4910-462D-89A5-A7CDC710FA3C}"
EndProject
Global
	GlobalSection(SolutionConfigurationPlatforms) = preSolution
		Debug|Any CPU = Debug|Any CPU
		Release|Any CPU = Release|Any CPU
	EndGlobalSection
	GlobalSection(ProjectConfigurationPlatforms) = postSolution
		{15E628EE-88C5-4B00-A8E1-5714272E638E}.Debug|Any CPU.ActiveCfg = Debug|Any CPU
		{15E628EE-88C5-4B00-A8E1-5714272E638E}.Debug|Any CPU.Build.0 = Debug|Any CPU
		{15E628EE-88C5-4B00-A8E1-5714272E638E}.Release|Any CPU.ActiveCfg = Release|Any CPU
		{15E628EE-88C5-4B00-A8E1-5714272E638E}.Release|Any CPU.Build.0 = Release|Any CPU
		{611E11D8-E255-42C5-B0DD-4BD0A02B4915}.Debug|Any CPU.ActiveCfg = Debug|Any CPU
		{611E11D8-E255-42C5-B0DD-4BD0A02B4915}.Debug|Any CPU.Build.0 = Debug|Any CPU
		{611E11D8-E255-42C5-B0DD-4BD0A02B4915}.Release|Any CPU.ActiveCfg = Release|Any CPU
		{611E11D8-E255-42C5-B0DD-4BD0A02B4915}.Release|Any CPU.Build.0 = Release|Any CPU
		{918F08DA-A019-4632-864C-7F6C380DD081}.Debug|Any CPU.ActiveCfg = Debug|Any CPU
		{918F08DA-A019-4632-864C-7F6C380DD081}.Debug|Any CPU.Build.0 = Debug|Any CPU
		{918F08DA-A019-4632-864C-7F6C380DD081}.Release|Any CPU.ActiveCfg = Release|Any CPU
		{918F08DA-A019-4632-864C-7F6C380DD081}.Release|Any CPU.Build.0 = Release|Any CPU
		{24D3A2E7-43E2-425A-8D66-4DE276C627FD}.Debug|Any CPU.ActiveCfg = Debug|Any CPU
		{24D3A2E7-43E2-425A-8D66-4DE276C627FD}.Debug|Any CPU.Build.0 = Debug|Any CPU
		{24D3A2E7-43E2-425A-8D66-4DE276C627FD}.Release|Any CPU.ActiveCfg = Release|Any CPU
		{24D3A2E7-43E2-425A-8D66-4DE276C627FD}.Release|Any CPU.Build.0 = Release|Any CPU
		{90CC9B17-7922-4284-A602-DC17002D2004}.Debug|Any CPU.ActiveCfg = Debug|Any CPU
		{90CC9B17-7922-4284-A602-DC17002D2004}.Debug|Any CPU.Build.0 = Debug|Any CPU
		{90CC9B17-7922-4284-A602-DC17002D2004}.Release|Any CPU.ActiveCfg = Release|Any CPU
		{90CC9B17-7922-4284-A602-DC17002D2004}.Release|Any CPU.Build.0 = Release|Any CPU
		{F4B33B89-4993-4127-8EBE-B92354126783}.Debug|Any CPU.ActiveCfg = Debug|Any CPU
		{F4B33B89-4993-4127-8EBE-B92354126783}.Debug|Any CPU.Build.0 = Debug|Any CPU
		{F4B33B89-4993-4127-8EBE-B92354126783}.Release|Any CPU.ActiveCfg = Release|Any CPU
		{F4B33B89-4993-4127-8EBE-B92354126783}.Release|Any CPU.Build.0 = Release|Any CPU
		{2CA64C99-4C75-49D6-8CF1-69F87E3897F4}.Debug|Any CPU.ActiveCfg = Debug|Any CPU
		{2CA64C99-4C75-49D6-8CF1-69F87E3897F4}.Debug|Any CPU.Build.0 = Debug|Any CPU
		{2CA64C99-4C75-49D6-8CF1-69F87E3897F4}.Release|Any CPU.ActiveCfg = Release|Any CPU
		{2CA64C99-4C75-49D6-8CF1-69F87E3897F4}.Release|Any CPU.Build.0 = Release|Any CPU
		{46B5A844-CA0F-4897-8925-C44EC95987AB}.Debug|Any CPU.ActiveCfg = Debug|Any CPU
		{46B5A844-CA0F-4897-8925-C44EC95987AB}.Debug|Any CPU.Build.0 = Debug|Any CPU
		{46B5A844-CA0F-4897-8925-C44EC95987AB}.Release|Any CPU.ActiveCfg = Release|Any CPU
		{46B5A844-CA0F-4897-8925-C44EC95987AB}.Release|Any CPU.Build.0 = Release|Any CPU
		{408E8BCC-AC13-4F2A-BF2A-EB907B7DE80F}.Debug|Any CPU.ActiveCfg = Debug|Any CPU
		{408E8BCC-AC13-4F2A-BF2A-EB907B7DE80F}.Debug|Any CPU.Build.0 = Debug|Any CPU
		{408E8BCC-AC13-4F2A-BF2A-EB907B7DE80F}.Release|Any CPU.ActiveCfg = Release|Any CPU
		{408E8BCC-AC13-4F2A-BF2A-EB907B7DE80F}.Release|Any CPU.Build.0 = Release|Any CPU
		{835F14C8-5580-4049-B1EE-776D8ABEA9C2}.Debug|Any CPU.ActiveCfg = Debug|Any CPU
		{835F14C8-5580-4049-B1EE-776D8ABEA9C2}.Debug|Any CPU.Build.0 = Debug|Any CPU
		{835F14C8-5580-4049-B1EE-776D8ABEA9C2}.Release|Any CPU.ActiveCfg = Release|Any CPU
		{835F14C8-5580-4049-B1EE-776D8ABEA9C2}.Release|Any CPU.Build.0 = Release|Any CPU
		{7F38EBDE-A328-4F58-AEEA-D0EF07957B5C}.Debug|Any CPU.ActiveCfg = Debug|Any CPU
		{7F38EBDE-A328-4F58-AEEA-D0EF07957B5C}.Debug|Any CPU.Build.0 = Debug|Any CPU
		{7F38EBDE-A328-4F58-AEEA-D0EF07957B5C}.Release|Any CPU.ActiveCfg = Release|Any CPU
		{7F38EBDE-A328-4F58-AEEA-D0EF07957B5C}.Release|Any CPU.Build.0 = Release|Any CPU
		{E5B58D80-9902-4861-87E9-4654D02B45FE}.Debug|Any CPU.ActiveCfg = Debug|Any CPU
		{E5B58D80-9902-4861-87E9-4654D02B45FE}.Debug|Any CPU.Build.0 = Debug|Any CPU
		{E5B58D80-9902-4861-87E9-4654D02B45FE}.Release|Any CPU.ActiveCfg = Release|Any CPU
		{E5B58D80-9902-4861-87E9-4654D02B45FE}.Release|Any CPU.Build.0 = Release|Any CPU
		{DF26DC03-5348-4AC8-9824-C22B9AB4A269}.Debug|Any CPU.ActiveCfg = Debug|Any CPU
		{DF26DC03-5348-4AC8-9824-C22B9AB4A269}.Debug|Any CPU.Build.0 = Debug|Any CPU
		{DF26DC03-5348-4AC8-9824-C22B9AB4A269}.Release|Any CPU.ActiveCfg = Release|Any CPU
		{DF26DC03-5348-4AC8-9824-C22B9AB4A269}.Release|Any CPU.Build.0 = Release|Any CPU
		{DA9B0682-4910-462D-89A5-A7CDC710FA3C}.Debug|Any CPU.ActiveCfg = Debug|Any CPU
		{DA9B0682-4910-462D-89A5-A7CDC710FA3C}.Debug|Any CPU.Build.0 = Debug|Any CPU
		{DA9B0682-4910-462D-89A5-A7CDC710FA3C}.Release|Any CPU.ActiveCfg = Release|Any CPU
		{DA9B0682-4910-462D-89A5-A7CDC710FA3C}.Release|Any CPU.Build.0 = Release|Any CPU
	EndGlobalSection
	GlobalSection(SolutionProperties) = preSolution
		HideSolutionNode = FALSE
	EndGlobalSection
	GlobalSection(NestedProjects) = preSolution
		{15E628EE-88C5-4B00-A8E1-5714272E638E} = {9F837F25-1E31-4515-8D8F-00EEC54C6579}
		{611E11D8-E255-42C5-B0DD-4BD0A02B4915} = {37E6C934-469E-43EB-B67C-201B14FDB630}
		{918F08DA-A019-4632-864C-7F6C380DD081} = {37E6C934-469E-43EB-B67C-201B14FDB630}
		{24D3A2E7-43E2-425A-8D66-4DE276C627FD} = {37E6C934-469E-43EB-B67C-201B14FDB630}
		{90CC9B17-7922-4284-A602-DC17002D2004} = {ADFE81B4-4D00-480F-92C8-33603FEB0210}
		{F4B33B89-4993-4127-8EBE-B92354126783} = {ADFE81B4-4D00-480F-92C8-33603FEB0210}
		{2CA64C99-4C75-49D6-8CF1-69F87E3897F4} = {ADFE81B4-4D00-480F-92C8-33603FEB0210}
		{46B5A844-CA0F-4897-8925-C44EC95987AB} = {ADFE81B4-4D00-480F-92C8-33603FEB0210}
		{408E8BCC-AC13-4F2A-BF2A-EB907B7DE80F} = {37ECA533-90F1-47D7-BA29-107D917C4EDB}
		{835F14C8-5580-4049-B1EE-776D8ABEA9C2} = {37ECA533-90F1-47D7-BA29-107D917C4EDB}
		{7F38EBDE-A328-4F58-AEEA-D0EF07957B5C} = {37ECA533-90F1-47D7-BA29-107D917C4EDB}
		{E5B58D80-9902-4861-87E9-4654D02B45FE} = {B668FE4C-521A-4139-A549-B9C4543CECB0}
		{DF26DC03-5348-4AC8-9824-C22B9AB4A269} = {B4B2E473-D844-4E0E-BD03-0BDB9072D0ED}
		{DA9B0682-4910-462D-89A5-A7CDC710FA3C} = {B58947D3-3BB1-484A-934A-887A62A6F394}
	EndGlobalSection
	GlobalSection(ExtensibilityGlobals) = postSolution
		SolutionGuid = {FCAC3AFD-398C-4C54-8794-1833A65C8E7B}
	EndGlobalSection
EndGlobal
